// !$*UTF8*$!
{
	archiveVersion = 1;
	classes = {
	};
	objectVersion = 48;
	objects = {

/* Begin PBXBuildFile section */
		0206E5921FDDE005005D317B /* SearchFoodVC.swift in Sources */ = {isa = PBXBuildFile; fileRef = 0206E5911FDDE005005D317B /* SearchFoodVC.swift */; };
		0206E5971FDDE78E005D317B /* FoodCell.swift in Sources */ = {isa = PBXBuildFile; fileRef = 0206E5961FDDE78E005D317B /* FoodCell.swift */; };
		0206E59B1FDE4560005D317B /* UserModel.swift in Sources */ = {isa = PBXBuildFile; fileRef = 0206E59A1FDE4560005D317B /* UserModel.swift */; };
		0206E59E1FDE4E54005D317B /* SearchRestVC.swift in Sources */ = {isa = PBXBuildFile; fileRef = 0206E59D1FDE4E54005D317B /* SearchRestVC.swift */; };
		0206E5A01FDE4F66005D317B /* RestaurantCell.swift in Sources */ = {isa = PBXBuildFile; fileRef = 0206E59F1FDE4F66005D317B /* RestaurantCell.swift */; };
		02101E741FE3830C00084698 /* FriendInfoCell.swift in Sources */ = {isa = PBXBuildFile; fileRef = 02101E731FE3830C00084698 /* FriendInfoCell.swift */; };
		021179BE1FDFC3F600F213B1 /* RestaurantModel.swift in Sources */ = {isa = PBXBuildFile; fileRef = 021179BD1FDFC3F600F213B1 /* RestaurantModel.swift */; };
		0286A3551FDFEBFC00329D46 /* AddFriendViewController.swift in Sources */ = {isa = PBXBuildFile; fileRef = 0286A3541FDFEBFC00329D46 /* AddFriendViewController.swift */; };
		0286A3581FE0B66300329D46 /* SelectRestViewController.swift in Sources */ = {isa = PBXBuildFile; fileRef = 0286A3571FE0B66300329D46 /* SelectRestViewController.swift */; };
		0286A35A1FE0B8B500329D46 /* SelectRestCell.swift in Sources */ = {isa = PBXBuildFile; fileRef = 0286A3591FE0B8B500329D46 /* SelectRestCell.swift */; };
		0286A3611FE1222D00329D46 /* FriendPersonalVC.swift in Sources */ = {isa = PBXBuildFile; fileRef = 0286A3601FE1222D00329D46 /* FriendPersonalVC.swift */; };
		0291457B1FDF773400FF400E /* SelfMode.swift in Sources */ = {isa = PBXBuildFile; fileRef = 0291457A1FDF773400FF400E /* SelfMode.swift */; };
		0291457D1FDF7CCF00FF400E /* tabBarController.swift in Sources */ = {isa = PBXBuildFile; fileRef = 0291457C1FDF7CCF00FF400E /* tabBarController.swift */; };
		0291457F1FDF80A900FF400E /* Reachability.swift in Sources */ = {isa = PBXBuildFile; fileRef = 0291457E1FDF80A900FF400E /* Reachability.swift */; };
		029145811FDF82B700FF400E /* SelectionVC.swift in Sources */ = {isa = PBXBuildFile; fileRef = 029145801FDF82B700FF400E /* SelectionVC.swift */; };
		02F4F19B1FDD1E1A00B00DBB /* InfoCell.swift in Sources */ = {isa = PBXBuildFile; fileRef = 02F4F19A1FDD1E1A00B00DBB /* InfoCell.swift */; };
		02F4F19D1FDD1E4600B00DBB /* PrefCell.swift in Sources */ = {isa = PBXBuildFile; fileRef = 02F4F19C1FDD1E4600B00DBB /* PrefCell.swift */; };
		3753D8EE1FDCC9D900A1B9DD /* GoogleService-Info.plist in Resources */ = {isa = PBXBuildFile; fileRef = 3753D8ED1FDCC9D900A1B9DD /* GoogleService-Info.plist */; };
		37D993261FDFAE6100B7A1B1 /* PreferenceChooseFoodTableViewController.swift in Sources */ = {isa = PBXBuildFile; fileRef = 37D993251FDFAE6100B7A1B1 /* PreferenceChooseFoodTableViewController.swift */; };
		37D993461FDFE47700B7A1B1 /* PreferenceChooseRestTableViewController.swift in Sources */ = {isa = PBXBuildFile; fileRef = 37D993451FDFE47700B7A1B1 /* PreferenceChooseRestTableViewController.swift */; };
		37E582791FDBB9DF00B61E86 /* LoginViewController.swift in Sources */ = {isa = PBXBuildFile; fileRef = 37E582781FDBB9DF00B61E86 /* LoginViewController.swift */; };
		37EA7C6C1FE2ADA7001D1B49 /* background_2.png in Resources */ = {isa = PBXBuildFile; fileRef = 37EA7C6B1FE2ADA6001D1B49 /* background_2.png */; };
		37EA7C6E1FE2B2F0001D1B49 /* background_3.png in Resources */ = {isa = PBXBuildFile; fileRef = 37EA7C6D1FE2B2EE001D1B49 /* background_3.png */; };
		54ECBCC6762204BC08C53439 /* Pods_EatWithFriends.framework in Frameworks */ = {isa = PBXBuildFile; fileRef = 94FA1B71C6FB7693C43CB796 /* Pods_EatWithFriends.framework */; };
		F04009AB1FD54C1C00BC2B3D /* SelectionCell.swift in Sources */ = {isa = PBXBuildFile; fileRef = F04009AA1FD54C1C00BC2B3D /* SelectionCell.swift */; };
		F07426BA1FD58EFF00E69937 /* FriendsCell.swift in Sources */ = {isa = PBXBuildFile; fileRef = F07426B91FD58EFF00E69937 /* FriendsCell.swift */; };
		F07426BC1FD5902000E69937 /* SearchFriendsCell.swift in Sources */ = {isa = PBXBuildFile; fileRef = F07426BB1FD5902000E69937 /* SearchFriendsCell.swift */; };
		F077A6CB1FD53CE90002A377 /* SearchFriendsVC.swift in Sources */ = {isa = PBXBuildFile; fileRef = F077A6CA1FD53CE90002A377 /* SearchFriendsVC.swift */; };
		F077A6CD1FD53D0B0002A377 /* DummyVC.swift in Sources */ = {isa = PBXBuildFile; fileRef = F077A6CC1FD53D0B0002A377 /* DummyVC.swift */; };
		F077A6CF1FD53D690002A377 /* FriendsVC.swift in Sources */ = {isa = PBXBuildFile; fileRef = F077A6CE1FD53D690002A377 /* FriendsVC.swift */; };
		F077A6D11FD53D9C0002A377 /* PersonalVC.swift in Sources */ = {isa = PBXBuildFile; fileRef = F077A6D01FD53D9C0002A377 /* PersonalVC.swift */; };
		F08F1AF41FC81B6200E005EC /* AppDelegate.swift in Sources */ = {isa = PBXBuildFile; fileRef = F08F1AF31FC81B6200E005EC /* AppDelegate.swift */; };
		F08F1AF91FC81B6200E005EC /* Main.storyboard in Resources */ = {isa = PBXBuildFile; fileRef = F08F1AF71FC81B6200E005EC /* Main.storyboard */; };
		F08F1AFC1FC81B6200E005EC /* EatWithFriends.xcdatamodeld in Sources */ = {isa = PBXBuildFile; fileRef = F08F1AFA1FC81B6200E005EC /* EatWithFriends.xcdatamodeld */; };
		F08F1AFE1FC81B6200E005EC /* Assets.xcassets in Resources */ = {isa = PBXBuildFile; fileRef = F08F1AFD1FC81B6200E005EC /* Assets.xcassets */; };
		F08F1B011FC81B6200E005EC /* LaunchScreen.storyboard in Resources */ = {isa = PBXBuildFile; fileRef = F08F1AFF1FC81B6200E005EC /* LaunchScreen.storyboard */; };
		F0B06CBC1FD555D200751938 /* SelectedFriendsCell.swift in Sources */ = {isa = PBXBuildFile; fileRef = F0B06CBB1FD555D200751938 /* SelectedFriendsCell.swift */; };
		F0D6CEEB1FD53210003AFE5A /* MainVC.swift in Sources */ = {isa = PBXBuildFile; fileRef = F0D6CEEA1FD53210003AFE5A /* MainVC.swift */; };
/* End PBXBuildFile section */

/* Begin PBXFileReference section */
		0206E5911FDDE005005D317B /* SearchFoodVC.swift */ = {isa = PBXFileReference; lastKnownFileType = sourcecode.swift; path = SearchFoodVC.swift; sourceTree = "<group>"; };
		0206E5961FDDE78E005D317B /* FoodCell.swift */ = {isa = PBXFileReference; lastKnownFileType = sourcecode.swift; path = FoodCell.swift; sourceTree = "<group>"; };
		0206E59A1FDE4560005D317B /* UserModel.swift */ = {isa = PBXFileReference; lastKnownFileType = sourcecode.swift; path = UserModel.swift; sourceTree = "<group>"; };
		0206E59D1FDE4E54005D317B /* SearchRestVC.swift */ = {isa = PBXFileReference; lastKnownFileType = sourcecode.swift; path = SearchRestVC.swift; sourceTree = "<group>"; };
		0206E59F1FDE4F66005D317B /* RestaurantCell.swift */ = {isa = PBXFileReference; lastKnownFileType = sourcecode.swift; path = RestaurantCell.swift; sourceTree = "<group>"; };
		02101E731FE3830C00084698 /* FriendInfoCell.swift */ = {isa = PBXFileReference; lastKnownFileType = sourcecode.swift; path = FriendInfoCell.swift; sourceTree = "<group>"; };
		021179BD1FDFC3F600F213B1 /* RestaurantModel.swift */ = {isa = PBXFileReference; lastKnownFileType = sourcecode.swift; path = RestaurantModel.swift; sourceTree = "<group>"; };
		0286A3541FDFEBFC00329D46 /* AddFriendViewController.swift */ = {isa = PBXFileReference; lastKnownFileType = sourcecode.swift; path = AddFriendViewController.swift; sourceTree = "<group>"; };
		0286A3571FE0B66300329D46 /* SelectRestViewController.swift */ = {isa = PBXFileReference; lastKnownFileType = sourcecode.swift; path = SelectRestViewController.swift; sourceTree = "<group>"; };
		0286A3591FE0B8B500329D46 /* SelectRestCell.swift */ = {isa = PBXFileReference; lastKnownFileType = sourcecode.swift; path = SelectRestCell.swift; sourceTree = "<group>"; };
		0286A3601FE1222D00329D46 /* FriendPersonalVC.swift */ = {isa = PBXFileReference; lastKnownFileType = sourcecode.swift; path = FriendPersonalVC.swift; sourceTree = "<group>"; };
		0291457A1FDF773400FF400E /* SelfMode.swift */ = {isa = PBXFileReference; lastKnownFileType = sourcecode.swift; path = SelfMode.swift; sourceTree = "<group>"; };
		0291457C1FDF7CCF00FF400E /* tabBarController.swift */ = {isa = PBXFileReference; lastKnownFileType = sourcecode.swift; path = tabBarController.swift; sourceTree = "<group>"; };
		0291457E1FDF80A900FF400E /* Reachability.swift */ = {isa = PBXFileReference; fileEncoding = 4; lastKnownFileType = sourcecode.swift; name = Reachability.swift; path = EatWithFriends/Reachability.swift; sourceTree = SOURCE_ROOT; };
		029145801FDF82B700FF400E /* SelectionVC.swift */ = {isa = PBXFileReference; fileEncoding = 4; lastKnownFileType = sourcecode.swift; name = SelectionVC.swift; path = EatWithFriends/Selection/SelectionVC.swift; sourceTree = SOURCE_ROOT; };
		02F4F19A1FDD1E1A00B00DBB /* InfoCell.swift */ = {isa = PBXFileReference; lastKnownFileType = sourcecode.swift; name = InfoCell.swift; path = EatWithFriends/Dummy/InfoCell.swift; sourceTree = SOURCE_ROOT; };
		02F4F19C1FDD1E4600B00DBB /* PrefCell.swift */ = {isa = PBXFileReference; lastKnownFileType = sourcecode.swift; path = PrefCell.swift; sourceTree = "<group>"; };
		3753D8ED1FDCC9D900A1B9DD /* GoogleService-Info.plist */ = {isa = PBXFileReference; fileEncoding = 4; lastKnownFileType = text.plist.xml; path = "GoogleService-Info.plist"; sourceTree = "<group>"; };
		37D993251FDFAE6100B7A1B1 /* PreferenceChooseFoodTableViewController.swift */ = {isa = PBXFileReference; lastKnownFileType = sourcecode.swift; path = PreferenceChooseFoodTableViewController.swift; sourceTree = "<group>"; };
		37D993451FDFE47700B7A1B1 /* PreferenceChooseRestTableViewController.swift */ = {isa = PBXFileReference; lastKnownFileType = sourcecode.swift; path = PreferenceChooseRestTableViewController.swift; sourceTree = "<group>"; };
		37E582781FDBB9DF00B61E86 /* LoginViewController.swift */ = {isa = PBXFileReference; lastKnownFileType = sourcecode.swift; path = LoginViewController.swift; sourceTree = "<group>"; };
		37EA7C6B1FE2ADA6001D1B49 /* background_2.png */ = {isa = PBXFileReference; lastKnownFileType = image.png; path = background_2.png; sourceTree = "<group>"; };
		37EA7C6D1FE2B2EE001D1B49 /* background_3.png */ = {isa = PBXFileReference; lastKnownFileType = image.png; path = background_3.png; sourceTree = "<group>"; };
		94FA1B71C6FB7693C43CB796 /* Pods_EatWithFriends.framework */ = {isa = PBXFileReference; explicitFileType = wrapper.framework; includeInIndex = 0; path = Pods_EatWithFriends.framework; sourceTree = BUILT_PRODUCTS_DIR; };
		CF4EE8F80C6FF1C1C849FEF1 /* Pods-EatWithFriends.debug.xcconfig */ = {isa = PBXFileReference; includeInIndex = 1; lastKnownFileType = text.xcconfig; name = "Pods-EatWithFriends.debug.xcconfig"; path = "Pods/Target Support Files/Pods-EatWithFriends/Pods-EatWithFriends.debug.xcconfig"; sourceTree = "<group>"; };
		F04009AA1FD54C1C00BC2B3D /* SelectionCell.swift */ = {isa = PBXFileReference; lastKnownFileType = sourcecode.swift; path = SelectionCell.swift; sourceTree = "<group>"; };
		F07426B91FD58EFF00E69937 /* FriendsCell.swift */ = {isa = PBXFileReference; lastKnownFileType = sourcecode.swift; path = FriendsCell.swift; sourceTree = "<group>"; };
		F07426BB1FD5902000E69937 /* SearchFriendsCell.swift */ = {isa = PBXFileReference; lastKnownFileType = sourcecode.swift; path = SearchFriendsCell.swift; sourceTree = "<group>"; };
		F077A6CA1FD53CE90002A377 /* SearchFriendsVC.swift */ = {isa = PBXFileReference; lastKnownFileType = sourcecode.swift; path = SearchFriendsVC.swift; sourceTree = "<group>"; };
		F077A6CC1FD53D0B0002A377 /* DummyVC.swift */ = {isa = PBXFileReference; lastKnownFileType = sourcecode.swift; path = DummyVC.swift; sourceTree = "<group>"; };
		F077A6CE1FD53D690002A377 /* FriendsVC.swift */ = {isa = PBXFileReference; lastKnownFileType = sourcecode.swift; path = FriendsVC.swift; sourceTree = "<group>"; };
		F077A6D01FD53D9C0002A377 /* PersonalVC.swift */ = {isa = PBXFileReference; lastKnownFileType = sourcecode.swift; path = PersonalVC.swift; sourceTree = "<group>"; };
		F08F1AF01FC81B6200E005EC /* EatWithFriends.app */ = {isa = PBXFileReference; explicitFileType = wrapper.application; includeInIndex = 0; path = EatWithFriends.app; sourceTree = BUILT_PRODUCTS_DIR; };
		F08F1AF31FC81B6200E005EC /* AppDelegate.swift */ = {isa = PBXFileReference; lastKnownFileType = sourcecode.swift; path = AppDelegate.swift; sourceTree = "<group>"; };
		F08F1AF81FC81B6200E005EC /* Base */ = {isa = PBXFileReference; lastKnownFileType = file.storyboard; name = Base; path = Base.lproj/Main.storyboard; sourceTree = "<group>"; };
		F08F1AFB1FC81B6200E005EC /* EatWithFriends.xcdatamodel */ = {isa = PBXFileReference; lastKnownFileType = wrapper.xcdatamodel; path = EatWithFriends.xcdatamodel; sourceTree = "<group>"; };
		F08F1AFD1FC81B6200E005EC /* Assets.xcassets */ = {isa = PBXFileReference; lastKnownFileType = folder.assetcatalog; path = Assets.xcassets; sourceTree = "<group>"; };
		F08F1B001FC81B6200E005EC /* Base */ = {isa = PBXFileReference; lastKnownFileType = file.storyboard; name = Base; path = Base.lproj/LaunchScreen.storyboard; sourceTree = "<group>"; };
		F08F1B021FC81B6200E005EC /* Info.plist */ = {isa = PBXFileReference; lastKnownFileType = text.plist.xml; path = Info.plist; sourceTree = "<group>"; };
		F0B06CBB1FD555D200751938 /* SelectedFriendsCell.swift */ = {isa = PBXFileReference; lastKnownFileType = sourcecode.swift; path = SelectedFriendsCell.swift; sourceTree = "<group>"; };
		F0D6CEEA1FD53210003AFE5A /* MainVC.swift */ = {isa = PBXFileReference; lastKnownFileType = sourcecode.swift; path = MainVC.swift; sourceTree = "<group>"; };
		FA7559BF6D8030977DCDCB6B /* Pods-EatWithFriends.release.xcconfig */ = {isa = PBXFileReference; includeInIndex = 1; lastKnownFileType = text.xcconfig; name = "Pods-EatWithFriends.release.xcconfig"; path = "Pods/Target Support Files/Pods-EatWithFriends/Pods-EatWithFriends.release.xcconfig"; sourceTree = "<group>"; };
/* End PBXFileReference section */

/* Begin PBXFrameworksBuildPhase section */
		F08F1AED1FC81B6200E005EC /* Frameworks */ = {
			isa = PBXFrameworksBuildPhase;
			buildActionMask = 2147483647;
			files = (
				54ECBCC6762204BC08C53439 /* Pods_EatWithFriends.framework in Frameworks */,
			);
			runOnlyForDeploymentPostprocessing = 0;
		};
/* End PBXFrameworksBuildPhase section */

/* Begin PBXGroup section */
		0206E5951FDDE0B9005D317B /* SearchFood */ = {
			isa = PBXGroup;
			children = (
				0206E5911FDDE005005D317B /* SearchFoodVC.swift */,
				0206E5961FDDE78E005D317B /* FoodCell.swift */,
			);
			path = SearchFood;
			sourceTree = "<group>";
		};
		0206E59C1FDE4E23005D317B /* SearchRest */ = {
			isa = PBXGroup;
			children = (
				0206E59D1FDE4E54005D317B /* SearchRestVC.swift */,
				0206E59F1FDE4F66005D317B /* RestaurantCell.swift */,
			);
			path = SearchRest;
			sourceTree = "<group>";
		};
		0286A3561FDFEC1500329D46 /* AddFriend */ = {
			isa = PBXGroup;
			children = (
				0286A3541FDFEBFC00329D46 /* AddFriendViewController.swift */,
			);
			path = AddFriend;
			sourceTree = "<group>";
		};
		0286A35B1FE0B8C000329D46 /* SelectRest */ = {
			isa = PBXGroup;
			children = (
				0286A3591FE0B8B500329D46 /* SelectRestCell.swift */,
				0286A3571FE0B66300329D46 /* SelectRestViewController.swift */,
			);
			path = SelectRest;
			sourceTree = "<group>";
		};
		0286A35E1FE1115400329D46 /* Model */ = {
			isa = PBXGroup;
			children = (
				0206E59A1FDE4560005D317B /* UserModel.swift */,
				021179BD1FDFC3F600F213B1 /* RestaurantModel.swift */,
				0291457A1FDF773400FF400E /* SelfMode.swift */,
				0291457C1FDF7CCF00FF400E /* tabBarController.swift */,
			);
			path = Model;
			sourceTree = "<group>";
		};
		0286A35F1FE121FC00329D46 /* FriendPersonal */ = {
			isa = PBXGroup;
			children = (
				02101E731FE3830C00084698 /* FriendInfoCell.swift */,
				0286A3601FE1222D00329D46 /* FriendPersonalVC.swift */,
			);
			path = FriendPersonal;
			sourceTree = "<group>";
		};
		37E582751FDBB3FC00B61E86 /* Login */ = {
			isa = PBXGroup;
			children = (
				37E582781FDBB9DF00B61E86 /* LoginViewController.swift */,
			);
			path = Login;
			sourceTree = "<group>";
		};
		A64B0D41E92F5C811B4EEE42 /* Pods */ = {
			isa = PBXGroup;
			children = (
				CF4EE8F80C6FF1C1C849FEF1 /* Pods-EatWithFriends.debug.xcconfig */,
				FA7559BF6D8030977DCDCB6B /* Pods-EatWithFriends.release.xcconfig */,
			);
			name = Pods;
			sourceTree = "<group>";
		};
		E5F707D14CBFCB97FFA658CD /* Frameworks */ = {
			isa = PBXGroup;
			children = (
				94FA1B71C6FB7693C43CB796 /* Pods_EatWithFriends.framework */,
			);
			name = Frameworks;
			sourceTree = "<group>";
		};
		F04009AC1FD54C2A00BC2B3D /* Selection */ = {
			isa = PBXGroup;
			children = (
				F04009AA1FD54C1C00BC2B3D /* SelectionCell.swift */,
				029145801FDF82B700FF400E /* SelectionVC.swift */,
				F0B06CBB1FD555D200751938 /* SelectedFriendsCell.swift */,
			);
			path = Selection;
			sourceTree = "<group>";
		};
		F07426B51FD5867300E69937 /* SearchFriends */ = {
			isa = PBXGroup;
			children = (
				F077A6CA1FD53CE90002A377 /* SearchFriendsVC.swift */,
				F07426BB1FD5902000E69937 /* SearchFriendsCell.swift */,
			);
			path = SearchFriends;
			sourceTree = "<group>";
		};
		F07426B81FD5890500E69937 /* Friends */ = {
			isa = PBXGroup;
			children = (
				F077A6CE1FD53D690002A377 /* FriendsVC.swift */,
				F07426B91FD58EFF00E69937 /* FriendsCell.swift */,
			);
			path = Friends;
			sourceTree = "<group>";
		};
		F07426BD1FD5908B00E69937 /* Dummy */ = {
			isa = PBXGroup;
			children = (
				02F4F19C1FDD1E4600B00DBB /* PrefCell.swift */,
				02F4F19A1FDD1E1A00B00DBB /* InfoCell.swift */,
				F077A6CC1FD53D0B0002A377 /* DummyVC.swift */,
			);
			path = Dummy;
			sourceTree = "<group>";
		};
		F07426BE1FD5909E00E69937 /* Personal */ = {
			isa = PBXGroup;
			children = (
				F077A6D01FD53D9C0002A377 /* PersonalVC.swift */,
				37D993251FDFAE6100B7A1B1 /* PreferenceChooseFoodTableViewController.swift */,
				37D993451FDFE47700B7A1B1 /* PreferenceChooseRestTableViewController.swift */,
			);
			path = Personal;
			sourceTree = "<group>";
		};
		F07426BF1FD590CB00E69937 /* Main */ = {
			isa = PBXGroup;
			children = (
				F0D6CEEA1FD53210003AFE5A /* MainVC.swift */,
			);
			path = Main;
			sourceTree = "<group>";
		};
		F08F1AE71FC81B6200E005EC = {
			isa = PBXGroup;
			children = (
				37EA7C6D1FE2B2EE001D1B49 /* background_3.png */,
				37EA7C6B1FE2ADA6001D1B49 /* background_2.png */,
				F08F1AF21FC81B6200E005EC /* EatWithFriends */,
				F08F1AF11FC81B6200E005EC /* Products */,
				A64B0D41E92F5C811B4EEE42 /* Pods */,
				E5F707D14CBFCB97FFA658CD /* Frameworks */,
			);
			sourceTree = "<group>";
		};
		F08F1AF11FC81B6200E005EC /* Products */ = {
			isa = PBXGroup;
			children = (
				F08F1AF01FC81B6200E005EC /* EatWithFriends.app */,
			);
			name = Products;
			sourceTree = "<group>";
		};
		F08F1AF21FC81B6200E005EC /* EatWithFriends */ = {
			isa = PBXGroup;
			children = (
				0291457E1FDF80A900FF400E /* Reachability.swift */,
				F08F1AF31FC81B6200E005EC /* AppDelegate.swift */,
				F08F1AF71FC81B6200E005EC /* Main.storyboard */,
				0286A35E1FE1115400329D46 /* Model */,
				0286A35B1FE0B8C000329D46 /* SelectRest */,
				37E582751FDBB3FC00B61E86 /* Login */,
				F07426BF1FD590CB00E69937 /* Main */,
				F04009AC1FD54C2A00BC2B3D /* Selection */,
				F07426BE1FD5909E00E69937 /* Personal */,
				0286A35F1FE121FC00329D46 /* FriendPersonal */,
				0286A3561FDFEC1500329D46 /* AddFriend */,
				F07426B81FD5890500E69937 /* Friends */,
				F07426BD1FD5908B00E69937 /* Dummy */,
				0206E5951FDDE0B9005D317B /* SearchFood */,
				0206E59C1FDE4E23005D317B /* SearchRest */,
				F07426B51FD5867300E69937 /* SearchFriends */,
				F08F1AFD1FC81B6200E005EC /* Assets.xcassets */,
				F08F1AFF1FC81B6200E005EC /* LaunchScreen.storyboard */,
				F08F1B021FC81B6200E005EC /* Info.plist */,
				F08F1AFA1FC81B6200E005EC /* EatWithFriends.xcdatamodeld */,
				3753D8ED1FDCC9D900A1B9DD /* GoogleService-Info.plist */,
			);
			path = EatWithFriends;
			sourceTree = "<group>";
		};
/* End PBXGroup section */

/* Begin PBXNativeTarget section */
		F08F1AEF1FC81B6200E005EC /* EatWithFriends */ = {
			isa = PBXNativeTarget;
			buildConfigurationList = F08F1B051FC81B6200E005EC /* Build configuration list for PBXNativeTarget "EatWithFriends" */;
			buildPhases = (
				EBC54E4213D67194E3BB5571 /* [CP] Check Pods Manifest.lock */,
				F08F1AEC1FC81B6200E005EC /* Sources */,
				F08F1AED1FC81B6200E005EC /* Frameworks */,
				F08F1AEE1FC81B6200E005EC /* Resources */,
				9C1AEFB57D50888DC8C46046 /* [CP] Embed Pods Frameworks */,
				58EC945B9363508736DFF784 /* [CP] Copy Pods Resources */,
			);
			buildRules = (
			);
			dependencies = (
			);
			name = EatWithFriends;
			productName = EatWithFriends;
			productReference = F08F1AF01FC81B6200E005EC /* EatWithFriends.app */;
			productType = "com.apple.product-type.application";
		};
/* End PBXNativeTarget section */

/* Begin PBXProject section */
		F08F1AE81FC81B6200E005EC /* Project object */ = {
			isa = PBXProject;
			attributes = {
				LastSwiftUpdateCheck = 0910;
				LastUpgradeCheck = 0910;
				ORGANIZATIONNAME = iGuest;
				TargetAttributes = {
					F08F1AEF1FC81B6200E005EC = {
						CreatedOnToolsVersion = 9.1;
						ProvisioningStyle = Automatic;
					};
				};
			};
			buildConfigurationList = F08F1AEB1FC81B6200E005EC /* Build configuration list for PBXProject "EatWithFriends" */;
			compatibilityVersion = "Xcode 8.0";
			developmentRegion = en;
			hasScannedForEncodings = 0;
			knownRegions = (
				en,
				Base,
			);
			mainGroup = F08F1AE71FC81B6200E005EC;
			productRefGroup = F08F1AF11FC81B6200E005EC /* Products */;
			projectDirPath = "";
			projectRoot = "";
			targets = (
				F08F1AEF1FC81B6200E005EC /* EatWithFriends */,
			);
		};
/* End PBXProject section */

/* Begin PBXResourcesBuildPhase section */
		F08F1AEE1FC81B6200E005EC /* Resources */ = {
			isa = PBXResourcesBuildPhase;
			buildActionMask = 2147483647;
			files = (
				F08F1B011FC81B6200E005EC /* LaunchScreen.storyboard in Resources */,
				37EA7C6E1FE2B2F0001D1B49 /* background_3.png in Resources */,
				3753D8EE1FDCC9D900A1B9DD /* GoogleService-Info.plist in Resources */,
				F08F1AFE1FC81B6200E005EC /* Assets.xcassets in Resources */,
				37EA7C6C1FE2ADA7001D1B49 /* background_2.png in Resources */,
				F08F1AF91FC81B6200E005EC /* Main.storyboard in Resources */,
			);
			runOnlyForDeploymentPostprocessing = 0;
		};
/* End PBXResourcesBuildPhase section */

/* Begin PBXShellScriptBuildPhase section */
		58EC945B9363508736DFF784 /* [CP] Copy Pods Resources */ = {
			isa = PBXShellScriptBuildPhase;
			buildActionMask = 2147483647;
			files = (
			);
			inputPaths = (
				"${SRCROOT}/Pods/Target Support Files/Pods-EatWithFriends/Pods-EatWithFriends-resources.sh",
				"${PODS_ROOT}/GoogleSignIn/Resources/GoogleSignIn.bundle",
			);
			name = "[CP] Copy Pods Resources";
			outputPaths = (
				"${TARGET_BUILD_DIR}/${UNLOCALIZED_RESOURCES_FOLDER_PATH}",
			);
			runOnlyForDeploymentPostprocessing = 0;
			shellPath = /bin/sh;
			shellScript = "\"${SRCROOT}/Pods/Target Support Files/Pods-EatWithFriends/Pods-EatWithFriends-resources.sh\"\n";
			showEnvVarsInLog = 0;
		};
		9C1AEFB57D50888DC8C46046 /* [CP] Embed Pods Frameworks */ = {
			isa = PBXShellScriptBuildPhase;
			buildActionMask = 2147483647;
			files = (
			);
			inputPaths = (
				"${SRCROOT}/Pods/Target Support Files/Pods-EatWithFriends/Pods-EatWithFriends-frameworks.sh",
				"${BUILT_PRODUCTS_DIR}/GTMOAuth2/GTMOAuth2.framework",
				"${BUILT_PRODUCTS_DIR}/GTMSessionFetcher/GTMSessionFetcher.framework",
				"${BUILT_PRODUCTS_DIR}/GoogleToolboxForMac/GoogleToolboxForMac.framework",
			);
			name = "[CP] Embed Pods Frameworks";
			outputPaths = (
				"${TARGET_BUILD_DIR}/${FRAMEWORKS_FOLDER_PATH}/GTMOAuth2.framework",
				"${TARGET_BUILD_DIR}/${FRAMEWORKS_FOLDER_PATH}/GTMSessionFetcher.framework",
				"${TARGET_BUILD_DIR}/${FRAMEWORKS_FOLDER_PATH}/GoogleToolboxForMac.framework",
			);
			runOnlyForDeploymentPostprocessing = 0;
			shellPath = /bin/sh;
			shellScript = "\"${SRCROOT}/Pods/Target Support Files/Pods-EatWithFriends/Pods-EatWithFriends-frameworks.sh\"\n";
			showEnvVarsInLog = 0;
		};
		EBC54E4213D67194E3BB5571 /* [CP] Check Pods Manifest.lock */ = {
			isa = PBXShellScriptBuildPhase;
			buildActionMask = 2147483647;
			files = (
			);
			inputPaths = (
				"${PODS_PODFILE_DIR_PATH}/Podfile.lock",
				"${PODS_ROOT}/Manifest.lock",
			);
			name = "[CP] Check Pods Manifest.lock";
			outputPaths = (
				"$(DERIVED_FILE_DIR)/Pods-EatWithFriends-checkManifestLockResult.txt",
			);
			runOnlyForDeploymentPostprocessing = 0;
			shellPath = /bin/sh;
			shellScript = "diff \"${PODS_PODFILE_DIR_PATH}/Podfile.lock\" \"${PODS_ROOT}/Manifest.lock\" > /dev/null\nif [ $? != 0 ] ; then\n    # print error to STDERR\n    echo \"error: The sandbox is not in sync with the Podfile.lock. Run 'pod install' or update your CocoaPods installation.\" >&2\n    exit 1\nfi\n# This output is used by Xcode 'outputs' to avoid re-running this script phase.\necho \"SUCCESS\" > \"${SCRIPT_OUTPUT_FILE_0}\"\n";
			showEnvVarsInLog = 0;
		};
/* End PBXShellScriptBuildPhase section */

/* Begin PBXSourcesBuildPhase section */
		F08F1AEC1FC81B6200E005EC /* Sources */ = {
			isa = PBXSourcesBuildPhase;
			buildActionMask = 2147483647;
			files = (
				0286A35A1FE0B8B500329D46 /* SelectRestCell.swift in Sources */,
				0206E5971FDDE78E005D317B /* FoodCell.swift in Sources */,
				0286A3611FE1222D00329D46 /* FriendPersonalVC.swift in Sources */,
				F04009AB1FD54C1C00BC2B3D /* SelectionCell.swift in Sources */,
				0291457D1FDF7CCF00FF400E /* tabBarController.swift in Sources */,
				F077A6CD1FD53D0B0002A377 /* DummyVC.swift in Sources */,
				F077A6D11FD53D9C0002A377 /* PersonalVC.swift in Sources */,
				02F4F19D1FDD1E4600B00DBB /* PrefCell.swift in Sources */,
				F077A6CB1FD53CE90002A377 /* SearchFriendsVC.swift in Sources */,
				F0D6CEEB1FD53210003AFE5A /* MainVC.swift in Sources */,
				37D993261FDFAE6100B7A1B1 /* PreferenceChooseFoodTableViewController.swift in Sources */,
				37D993461FDFE47700B7A1B1 /* PreferenceChooseRestTableViewController.swift in Sources */,
				0206E59B1FDE4560005D317B /* UserModel.swift in Sources */,
				0206E5A01FDE4F66005D317B /* RestaurantCell.swift in Sources */,
				021179BE1FDFC3F600F213B1 /* RestaurantModel.swift in Sources */,
				F08F1AF41FC81B6200E005EC /* AppDelegate.swift in Sources */,
				0286A3581FE0B66300329D46 /* SelectRestViewController.swift in Sources */,
				0291457B1FDF773400FF400E /* SelfMode.swift in Sources */,
				F07426BC1FD5902000E69937 /* SearchFriendsCell.swift in Sources */,
				F0B06CBC1FD555D200751938 /* SelectedFriendsCell.swift in Sources */,
				0291457F1FDF80A900FF400E /* Reachability.swift in Sources */,
				0206E59E1FDE4E54005D317B /* SearchRestVC.swift in Sources */,
				02F4F19B1FDD1E1A00B00DBB /* InfoCell.swift in Sources */,
				F07426BA1FD58EFF00E69937 /* FriendsCell.swift in Sources */,
				F077A6CF1FD53D690002A377 /* FriendsVC.swift in Sources */,
				37E582791FDBB9DF00B61E86 /* LoginViewController.swift in Sources */,
				02101E741FE3830C00084698 /* FriendInfoCell.swift in Sources */,
				F08F1AFC1FC81B6200E005EC /* EatWithFriends.xcdatamodeld in Sources */,
				0286A3551FDFEBFC00329D46 /* AddFriendViewController.swift in Sources */,
				029145811FDF82B700FF400E /* SelectionVC.swift in Sources */,
				0206E5921FDDE005005D317B /* SearchFoodVC.swift in Sources */,
			);
			runOnlyForDeploymentPostprocessing = 0;
		};
/* End PBXSourcesBuildPhase section */

/* Begin PBXVariantGroup section */
		F08F1AF71FC81B6200E005EC /* Main.storyboard */ = {
			isa = PBXVariantGroup;
			children = (
				F08F1AF81FC81B6200E005EC /* Base */,
			);
			name = Main.storyboard;
			sourceTree = "<group>";
		};
		F08F1AFF1FC81B6200E005EC /* LaunchScreen.storyboard */ = {
			isa = PBXVariantGroup;
			children = (
				F08F1B001FC81B6200E005EC /* Base */,
			);
			name = LaunchScreen.storyboard;
			sourceTree = "<group>";
		};
/* End PBXVariantGroup section */

/* Begin XCBuildConfiguration section */
		F08F1B031FC81B6200E005EC /* Debug */ = {
			isa = XCBuildConfiguration;
			buildSettings = {
				ALWAYS_SEARCH_USER_PATHS = NO;
				CLANG_ANALYZER_NONNULL = YES;
				CLANG_ANALYZER_NUMBER_OBJECT_CONVERSION = YES_AGGRESSIVE;
				CLANG_CXX_LANGUAGE_STANDARD = "gnu++14";
				CLANG_CXX_LIBRARY = "libc++";
				CLANG_ENABLE_MODULES = YES;
				CLANG_ENABLE_OBJC_ARC = YES;
				CLANG_WARN_BLOCK_CAPTURE_AUTORELEASING = YES;
				CLANG_WARN_BOOL_CONVERSION = YES;
				CLANG_WARN_COMMA = YES;
				CLANG_WARN_CONSTANT_CONVERSION = YES;
				CLANG_WARN_DIRECT_OBJC_ISA_USAGE = YES_ERROR;
				CLANG_WARN_DOCUMENTATION_COMMENTS = YES;
				CLANG_WARN_EMPTY_BODY = YES;
				CLANG_WARN_ENUM_CONVERSION = YES;
				CLANG_WARN_INFINITE_RECURSION = YES;
				CLANG_WARN_INT_CONVERSION = YES;
				CLANG_WARN_NON_LITERAL_NULL_CONVERSION = YES;
				CLANG_WARN_OBJC_LITERAL_CONVERSION = YES;
				CLANG_WARN_OBJC_ROOT_CLASS = YES_ERROR;
				CLANG_WARN_RANGE_LOOP_ANALYSIS = YES;
				CLANG_WARN_STRICT_PROTOTYPES = YES;
				CLANG_WARN_SUSPICIOUS_MOVE = YES;
				CLANG_WARN_UNGUARDED_AVAILABILITY = YES_AGGRESSIVE;
				CLANG_WARN_UNREACHABLE_CODE = YES;
				CLANG_WARN__DUPLICATE_METHOD_MATCH = YES;
				CODE_SIGN_IDENTITY = "iPhone Developer";
				COPY_PHASE_STRIP = NO;
				DEBUG_INFORMATION_FORMAT = dwarf;
				ENABLE_STRICT_OBJC_MSGSEND = YES;
				ENABLE_TESTABILITY = YES;
				GCC_C_LANGUAGE_STANDARD = gnu11;
				GCC_DYNAMIC_NO_PIC = NO;
				GCC_NO_COMMON_BLOCKS = YES;
				GCC_OPTIMIZATION_LEVEL = 0;
				GCC_PREPROCESSOR_DEFINITIONS = (
					"DEBUG=1",
					"$(inherited)",
				);
				GCC_WARN_64_TO_32_BIT_CONVERSION = YES;
				GCC_WARN_ABOUT_RETURN_TYPE = YES_ERROR;
				GCC_WARN_UNDECLARED_SELECTOR = YES;
				GCC_WARN_UNINITIALIZED_AUTOS = YES_AGGRESSIVE;
				GCC_WARN_UNUSED_FUNCTION = YES;
				GCC_WARN_UNUSED_VARIABLE = YES;
				IPHONEOS_DEPLOYMENT_TARGET = 11.1;
				MTL_ENABLE_DEBUG_INFO = YES;
				ONLY_ACTIVE_ARCH = YES;
				SDKROOT = iphoneos;
				SWIFT_ACTIVE_COMPILATION_CONDITIONS = DEBUG;
				SWIFT_OPTIMIZATION_LEVEL = "-Onone";
			};
			name = Debug;
		};
		F08F1B041FC81B6200E005EC /* Release */ = {
			isa = XCBuildConfiguration;
			buildSettings = {
				ALWAYS_SEARCH_USER_PATHS = NO;
				CLANG_ANALYZER_NONNULL = YES;
				CLANG_ANALYZER_NUMBER_OBJECT_CONVERSION = YES_AGGRESSIVE;
				CLANG_CXX_LANGUAGE_STANDARD = "gnu++14";
				CLANG_CXX_LIBRARY = "libc++";
				CLANG_ENABLE_MODULES = YES;
				CLANG_ENABLE_OBJC_ARC = YES;
				CLANG_WARN_BLOCK_CAPTURE_AUTORELEASING = YES;
				CLANG_WARN_BOOL_CONVERSION = YES;
				CLANG_WARN_COMMA = YES;
				CLANG_WARN_CONSTANT_CONVERSION = YES;
				CLANG_WARN_DIRECT_OBJC_ISA_USAGE = YES_ERROR;
				CLANG_WARN_DOCUMENTATION_COMMENTS = YES;
				CLANG_WARN_EMPTY_BODY = YES;
				CLANG_WARN_ENUM_CONVERSION = YES;
				CLANG_WARN_INFINITE_RECURSION = YES;
				CLANG_WARN_INT_CONVERSION = YES;
				CLANG_WARN_NON_LITERAL_NULL_CONVERSION = YES;
				CLANG_WARN_OBJC_LITERAL_CONVERSION = YES;
				CLANG_WARN_OBJC_ROOT_CLASS = YES_ERROR;
				CLANG_WARN_RANGE_LOOP_ANALYSIS = YES;
				CLANG_WARN_STRICT_PROTOTYPES = YES;
				CLANG_WARN_SUSPICIOUS_MOVE = YES;
				CLANG_WARN_UNGUARDED_AVAILABILITY = YES_AGGRESSIVE;
				CLANG_WARN_UNREACHABLE_CODE = YES;
				CLANG_WARN__DUPLICATE_METHOD_MATCH = YES;
				CODE_SIGN_IDENTITY = "iPhone Developer";
				COPY_PHASE_STRIP = NO;
				DEBUG_INFORMATION_FORMAT = "dwarf-with-dsym";
				ENABLE_NS_ASSERTIONS = NO;
				ENABLE_STRICT_OBJC_MSGSEND = YES;
				GCC_C_LANGUAGE_STANDARD = gnu11;
				GCC_NO_COMMON_BLOCKS = YES;
				GCC_WARN_64_TO_32_BIT_CONVERSION = YES;
				GCC_WARN_ABOUT_RETURN_TYPE = YES_ERROR;
				GCC_WARN_UNDECLARED_SELECTOR = YES;
				GCC_WARN_UNINITIALIZED_AUTOS = YES_AGGRESSIVE;
				GCC_WARN_UNUSED_FUNCTION = YES;
				GCC_WARN_UNUSED_VARIABLE = YES;
				IPHONEOS_DEPLOYMENT_TARGET = 11.1;
				MTL_ENABLE_DEBUG_INFO = NO;
				SDKROOT = iphoneos;
				SWIFT_OPTIMIZATION_LEVEL = "-Owholemodule";
				VALIDATE_PRODUCT = YES;
			};
			name = Release;
		};
		F08F1B061FC81B6200E005EC /* Debug */ = {
			isa = XCBuildConfiguration;
			baseConfigurationReference = CF4EE8F80C6FF1C1C849FEF1 /* Pods-EatWithFriends.debug.xcconfig */;
			buildSettings = {
				ASSETCATALOG_COMPILER_APPICON_NAME = AppIcon;
				CODE_SIGN_STYLE = Automatic;
				DEVELOPMENT_TEAM = 975HC67AXN;
				INFOPLIST_FILE = EatWithFriends/Info.plist;
				IPHONEOS_DEPLOYMENT_TARGET = 10.3;
				LD_RUNPATH_SEARCH_PATHS = "$(inherited) @executable_path/Frameworks";
				PRODUCT_BUNDLE_IDENTIFIER = edu.appleseeds.final.EatWithFriends;
				PRODUCT_NAME = "$(TARGET_NAME)";
				SWIFT_VERSION = 4.0;
				TARGETED_DEVICE_FAMILY = "1,2";
			};
			name = Debug;
		};
		F08F1B071FC81B6200E005EC /* Release */ = {
			isa = XCBuildConfiguration;
			baseConfigurationReference = FA7559BF6D8030977DCDCB6B /* Pods-EatWithFriends.release.xcconfig */;
			buildSettings = {
				ASSETCATALOG_COMPILER_APPICON_NAME = AppIcon;
				CODE_SIGN_STYLE = Automatic;
				DEVELOPMENT_TEAM = 975HC67AXN;
				INFOPLIST_FILE = EatWithFriends/Info.plist;
				IPHONEOS_DEPLOYMENT_TARGET = 10.3;
				LD_RUNPATH_SEARCH_PATHS = "$(inherited) @executable_path/Frameworks";
				PRODUCT_BUNDLE_IDENTIFIER = edu.appleseeds.final.EatWithFriends;
				PRODUCT_NAME = "$(TARGET_NAME)";
				SWIFT_VERSION = 4.0;
				TARGETED_DEVICE_FAMILY = "1,2";
			};
			name = Release;
		};
/* End XCBuildConfiguration section */

/* Begin XCConfigurationList section */
		F08F1AEB1FC81B6200E005EC /* Build configuration list for PBXProject "EatWithFriends" */ = {
			isa = XCConfigurationList;
			buildConfigurations = (
				F08F1B031FC81B6200E005EC /* Debug */,
				F08F1B041FC81B6200E005EC /* Release */,
			);
			defaultConfigurationIsVisible = 0;
			defaultConfigurationName = Release;
		};
		F08F1B051FC81B6200E005EC /* Build configuration list for PBXNativeTarget "EatWithFriends" */ = {
			isa = XCConfigurationList;
			buildConfigurations = (
				F08F1B061FC81B6200E005EC /* Debug */,
				F08F1B071FC81B6200E005EC /* Release */,
			);
			defaultConfigurationIsVisible = 0;
			defaultConfigurationName = Release;
		};
/* End XCConfigurationList section */

/* Begin XCVersionGroup section */
		F08F1AFA1FC81B6200E005EC /* EatWithFriends.xcdatamodeld */ = {
			isa = XCVersionGroup;
			children = (
				F08F1AFB1FC81B6200E005EC /* EatWithFriends.xcdatamodel */,
			);
			currentVersion = F08F1AFB1FC81B6200E005EC /* EatWithFriends.xcdatamodel */;
			path = EatWithFriends.xcdatamodeld;
			sourceTree = "<group>";
			versionGroupType = wrapper.xcdatamodel;
		};
/* End XCVersionGroup section */
	};
	rootObject = F08F1AE81FC81B6200E005EC /* Project object */;
}
